// !$*UTF8*$!
{
	archiveVersion = 1;
	classes = {
	};
	objectVersion = 48;
	objects = {

/* Begin PBXBuildFile section */
		A206E9EF2012C7D5000E1E84 /* UIViewControllerExtensions.swift in Sources */ = {isa = PBXBuildFile; fileRef = A206E9EE2012C7D4000E1E84 /* UIViewControllerExtensions.swift */; };
		A206E9F1201397F4000E1E84 /* GCPersistantStore.swift in Sources */ = {isa = PBXBuildFile; fileRef = A206E9F0201397F4000E1E84 /* GCPersistantStore.swift */; };
		A22A9590201156D900821399 /* AppDelegate.swift in Sources */ = {isa = PBXBuildFile; fileRef = A22A958F201156D900821399 /* AppDelegate.swift */; };
		A22A9595201156D900821399 /* Main.storyboard in Resources */ = {isa = PBXBuildFile; fileRef = A22A9593201156D900821399 /* Main.storyboard */; };
		A22A9597201156D900821399 /* Assets.xcassets in Resources */ = {isa = PBXBuildFile; fileRef = A22A9596201156D900821399 /* Assets.xcassets */; };
		A22A959A201156D900821399 /* LaunchScreen.storyboard in Resources */ = {isa = PBXBuildFile; fileRef = A22A9598201156D900821399 /* LaunchScreen.storyboard */; };
		A22A95A5201156D900821399 /* GithubClientTests.swift in Sources */ = {isa = PBXBuildFile; fileRef = A22A95A4201156D900821399 /* GithubClientTests.swift */; };
		A22A95B0201156D900821399 /* GithubClientUITests.swift in Sources */ = {isa = PBXBuildFile; fileRef = A22A95AF201156D900821399 /* GithubClientUITests.swift */; };
		A22A95C2201157A600821399 /* GCAppearance.swift in Sources */ = {isa = PBXBuildFile; fileRef = A22A95C1201157A600821399 /* GCAppearance.swift */; };
		A2FE137D2012276B00E5B51F /* APIService.swift in Sources */ = {isa = PBXBuildFile; fileRef = A2FE137C2012276B00E5B51F /* APIService.swift */; };
		A2FE137F2012295E00E5B51F /* APIEndpoint.swift in Sources */ = {isa = PBXBuildFile; fileRef = A2FE137E2012295E00E5B51F /* APIEndpoint.swift */; };
		A2FE13812012395B00E5B51F /* GCUserRepo.swift in Sources */ = {isa = PBXBuildFile; fileRef = A2FE13802012395B00E5B51F /* GCUserRepo.swift */; };
		A2FE1383201239D500E5B51F /* GCUserViewController.swift in Sources */ = {isa = PBXBuildFile; fileRef = A2FE1382201239D500E5B51F /* GCUserViewController.swift */; };
		A2FE1385201239E300E5B51F /* GCReposViewController.swift in Sources */ = {isa = PBXBuildFile; fileRef = A2FE1384201239E300E5B51F /* GCReposViewController.swift */; };
		A2FE138720123A0700E5B51F /* APIResources.swift in Sources */ = {isa = PBXBuildFile; fileRef = A2FE138620123A0700E5B51F /* APIResources.swift */; };
		A2FE138920123C6900E5B51F /* GCDataProvider.swift in Sources */ = {isa = PBXBuildFile; fileRef = A2FE138820123C6900E5B51F /* GCDataProvider.swift */; };
		A2FE138B20123FDF00E5B51F /* ResourceExtensions.swift in Sources */ = {isa = PBXBuildFile; fileRef = A2FE138A20123FDF00E5B51F /* ResourceExtensions.swift */; };
		A2FE138D20123FF500E5B51F /* GCError.swift in Sources */ = {isa = PBXBuildFile; fileRef = A2FE138C20123FF500E5B51F /* GCError.swift */; };
		A2FE13902012408800E5B51F /* AlertView.swift in Sources */ = {isa = PBXBuildFile; fileRef = A2FE138F2012408800E5B51F /* AlertView.swift */; };
		A2FE1395201284C400E5B51F /* Resignable.swift in Sources */ = {isa = PBXBuildFile; fileRef = A2FE1394201284C400E5B51F /* Resignable.swift */; };
		A2FE13972012870E00E5B51F /* CellRepresentable.swift in Sources */ = {isa = PBXBuildFile; fileRef = A2FE13962012870E00E5B51F /* CellRepresentable.swift */; };
		A2FE13992012875000E5B51F /* GCUserRepoViewModel.swift in Sources */ = {isa = PBXBuildFile; fileRef = A2FE13982012875000E5B51F /* GCUserRepoViewModel.swift */; };
		A2FE139D201287F500E5B51F /* GCRepoTableViewCell.swift in Sources */ = {isa = PBXBuildFile; fileRef = A2FE139C201287F500E5B51F /* GCRepoTableViewCell.swift */; };
		A2FE139F20128B1B00E5B51F /* DateExtensions.swift in Sources */ = {isa = PBXBuildFile; fileRef = A2FE139E20128B1B00E5B51F /* DateExtensions.swift */; };
		A2FE13A120128E2400E5B51F /* GCCell.swift in Sources */ = {isa = PBXBuildFile; fileRef = A2FE13A020128E2400E5B51F /* GCCell.swift */; };
		A2FE13A32012932F00E5B51F /* Storyboard.swift in Sources */ = {isa = PBXBuildFile; fileRef = A2FE13A22012932F00E5B51F /* Storyboard.swift */; };
		A2FE13A520129D0A00E5B51F /* GCUserReposTableViewModel.swift in Sources */ = {isa = PBXBuildFile; fileRef = A2FE13A420129D0A00E5B51F /* GCUserReposTableViewModel.swift */; };
		A2FE13A72012A03A00E5B51F /* ResourceUIExtensions.swift in Sources */ = {isa = PBXBuildFile; fileRef = A2FE13A62012A03A00E5B51F /* ResourceUIExtensions.swift */; };
		BFDE5BCB8C1EF28CA3912F0F /* Pods_GithubClient.framework in Frameworks */ = {isa = PBXBuildFile; fileRef = B7C014A4018CAFCD890D6680 /* Pods_GithubClient.framework */; };
/* End PBXBuildFile section */

/* Begin PBXContainerItemProxy section */
		A22A95A1201156D900821399 /* PBXContainerItemProxy */ = {
			isa = PBXContainerItemProxy;
			containerPortal = A22A9584201156D900821399 /* Project object */;
			proxyType = 1;
			remoteGlobalIDString = A22A958B201156D900821399;
			remoteInfo = GithubClient;
		};
		A22A95AC201156D900821399 /* PBXContainerItemProxy */ = {
			isa = PBXContainerItemProxy;
			containerPortal = A22A9584201156D900821399 /* Project object */;
			proxyType = 1;
			remoteGlobalIDString = A22A958B201156D900821399;
			remoteInfo = GithubClient;
		};
/* End PBXContainerItemProxy section */

/* Begin PBXFileReference section */
		A206E9EE2012C7D4000E1E84 /* UIViewControllerExtensions.swift */ = {isa = PBXFileReference; lastKnownFileType = sourcecode.swift; path = UIViewControllerExtensions.swift; sourceTree = "<group>"; };
		A206E9F0201397F4000E1E84 /* GCPersistantStore.swift */ = {isa = PBXFileReference; lastKnownFileType = sourcecode.swift; path = GCPersistantStore.swift; sourceTree = "<group>"; };
		A22A958C201156D900821399 /* GithubClient.app */ = {isa = PBXFileReference; explicitFileType = wrapper.application; includeInIndex = 0; path = GithubClient.app; sourceTree = BUILT_PRODUCTS_DIR; };
		A22A958F201156D900821399 /* AppDelegate.swift */ = {isa = PBXFileReference; lastKnownFileType = sourcecode.swift; path = AppDelegate.swift; sourceTree = "<group>"; };
		A22A9594201156D900821399 /* Base */ = {isa = PBXFileReference; lastKnownFileType = file.storyboard; name = Base; path = Base.lproj/Main.storyboard; sourceTree = "<group>"; };
		A22A9596201156D900821399 /* Assets.xcassets */ = {isa = PBXFileReference; lastKnownFileType = folder.assetcatalog; path = Assets.xcassets; sourceTree = "<group>"; };
		A22A9599201156D900821399 /* Base */ = {isa = PBXFileReference; lastKnownFileType = file.storyboard; name = Base; path = Base.lproj/LaunchScreen.storyboard; sourceTree = "<group>"; };
		A22A959B201156D900821399 /* Info.plist */ = {isa = PBXFileReference; lastKnownFileType = text.plist.xml; path = Info.plist; sourceTree = "<group>"; };
		A22A95A0201156D900821399 /* GithubClientTests.xctest */ = {isa = PBXFileReference; explicitFileType = wrapper.cfbundle; includeInIndex = 0; path = GithubClientTests.xctest; sourceTree = BUILT_PRODUCTS_DIR; };
		A22A95A4201156D900821399 /* GithubClientTests.swift */ = {isa = PBXFileReference; lastKnownFileType = sourcecode.swift; path = GithubClientTests.swift; sourceTree = "<group>"; };
		A22A95A6201156D900821399 /* Info.plist */ = {isa = PBXFileReference; lastKnownFileType = text.plist.xml; path = Info.plist; sourceTree = "<group>"; };
		A22A95AB201156D900821399 /* GithubClientUITests.xctest */ = {isa = PBXFileReference; explicitFileType = wrapper.cfbundle; includeInIndex = 0; path = GithubClientUITests.xctest; sourceTree = BUILT_PRODUCTS_DIR; };
		A22A95AF201156D900821399 /* GithubClientUITests.swift */ = {isa = PBXFileReference; lastKnownFileType = sourcecode.swift; path = GithubClientUITests.swift; sourceTree = "<group>"; };
		A22A95B1201156D900821399 /* Info.plist */ = {isa = PBXFileReference; lastKnownFileType = text.plist.xml; path = Info.plist; sourceTree = "<group>"; };
		A22A95C1201157A600821399 /* GCAppearance.swift */ = {isa = PBXFileReference; lastKnownFileType = sourcecode.swift; path = GCAppearance.swift; sourceTree = "<group>"; };
		A2FE137C2012276B00E5B51F /* APIService.swift */ = {isa = PBXFileReference; lastKnownFileType = sourcecode.swift; path = APIService.swift; sourceTree = "<group>"; };
		A2FE137E2012295E00E5B51F /* APIEndpoint.swift */ = {isa = PBXFileReference; lastKnownFileType = sourcecode.swift; path = APIEndpoint.swift; sourceTree = "<group>"; };
		A2FE13802012395B00E5B51F /* GCUserRepo.swift */ = {isa = PBXFileReference; lastKnownFileType = sourcecode.swift; path = GCUserRepo.swift; sourceTree = "<group>"; };
		A2FE1382201239D500E5B51F /* GCUserViewController.swift */ = {isa = PBXFileReference; lastKnownFileType = sourcecode.swift; path = GCUserViewController.swift; sourceTree = "<group>"; };
		A2FE1384201239E300E5B51F /* GCReposViewController.swift */ = {isa = PBXFileReference; lastKnownFileType = sourcecode.swift; path = GCReposViewController.swift; sourceTree = "<group>"; };
		A2FE138620123A0700E5B51F /* APIResources.swift */ = {isa = PBXFileReference; lastKnownFileType = sourcecode.swift; path = APIResources.swift; sourceTree = "<group>"; };
		A2FE138820123C6900E5B51F /* GCDataProvider.swift */ = {isa = PBXFileReference; lastKnownFileType = sourcecode.swift; path = GCDataProvider.swift; sourceTree = "<group>"; };
		A2FE138A20123FDF00E5B51F /* ResourceExtensions.swift */ = {isa = PBXFileReference; lastKnownFileType = sourcecode.swift; path = ResourceExtensions.swift; sourceTree = "<group>"; };
		A2FE138C20123FF500E5B51F /* GCError.swift */ = {isa = PBXFileReference; lastKnownFileType = sourcecode.swift; path = GCError.swift; sourceTree = "<group>"; };
		A2FE138F2012408800E5B51F /* AlertView.swift */ = {isa = PBXFileReference; lastKnownFileType = sourcecode.swift; path = AlertView.swift; sourceTree = "<group>"; };
		A2FE1394201284C400E5B51F /* Resignable.swift */ = {isa = PBXFileReference; lastKnownFileType = sourcecode.swift; path = Resignable.swift; sourceTree = "<group>"; };
		A2FE13962012870E00E5B51F /* CellRepresentable.swift */ = {isa = PBXFileReference; lastKnownFileType = sourcecode.swift; path = CellRepresentable.swift; sourceTree = "<group>"; };
		A2FE13982012875000E5B51F /* GCUserRepoViewModel.swift */ = {isa = PBXFileReference; lastKnownFileType = sourcecode.swift; path = GCUserRepoViewModel.swift; sourceTree = "<group>"; };
		A2FE139C201287F500E5B51F /* GCRepoTableViewCell.swift */ = {isa = PBXFileReference; lastKnownFileType = sourcecode.swift; path = GCRepoTableViewCell.swift; sourceTree = "<group>"; };
		A2FE139E20128B1B00E5B51F /* DateExtensions.swift */ = {isa = PBXFileReference; lastKnownFileType = sourcecode.swift; path = DateExtensions.swift; sourceTree = "<group>"; };
		A2FE13A020128E2400E5B51F /* GCCell.swift */ = {isa = PBXFileReference; lastKnownFileType = sourcecode.swift; path = GCCell.swift; sourceTree = "<group>"; };
		A2FE13A22012932F00E5B51F /* Storyboard.swift */ = {isa = PBXFileReference; lastKnownFileType = sourcecode.swift; path = Storyboard.swift; sourceTree = "<group>"; };
		A2FE13A420129D0A00E5B51F /* GCUserReposTableViewModel.swift */ = {isa = PBXFileReference; lastKnownFileType = sourcecode.swift; path = GCUserReposTableViewModel.swift; sourceTree = "<group>"; };
		A2FE13A62012A03A00E5B51F /* ResourceUIExtensions.swift */ = {isa = PBXFileReference; lastKnownFileType = sourcecode.swift; path = ResourceUIExtensions.swift; sourceTree = "<group>"; };
		B7C014A4018CAFCD890D6680 /* Pods_GithubClient.framework */ = {isa = PBXFileReference; explicitFileType = wrapper.framework; includeInIndex = 0; path = Pods_GithubClient.framework; sourceTree = BUILT_PRODUCTS_DIR; };
		C39621FE7354D9416873909A /* Pods-GithubClient.debug.xcconfig */ = {isa = PBXFileReference; includeInIndex = 1; lastKnownFileType = text.xcconfig; name = "Pods-GithubClient.debug.xcconfig"; path = "Pods/Target Support Files/Pods-GithubClient/Pods-GithubClient.debug.xcconfig"; sourceTree = "<group>"; };
		FE514FD623B62F8A5BF247BC /* Pods-GithubClient.release.xcconfig */ = {isa = PBXFileReference; includeInIndex = 1; lastKnownFileType = text.xcconfig; name = "Pods-GithubClient.release.xcconfig"; path = "Pods/Target Support Files/Pods-GithubClient/Pods-GithubClient.release.xcconfig"; sourceTree = "<group>"; };
/* End PBXFileReference section */

/* Begin PBXFrameworksBuildPhase section */
		A22A9589201156D900821399 /* Frameworks */ = {
			isa = PBXFrameworksBuildPhase;
			buildActionMask = 2147483647;
			files = (
				BFDE5BCB8C1EF28CA3912F0F /* Pods_GithubClient.framework in Frameworks */,
			);
			runOnlyForDeploymentPostprocessing = 0;
		};
		A22A959D201156D900821399 /* Frameworks */ = {
			isa = PBXFrameworksBuildPhase;
			buildActionMask = 2147483647;
			files = (
			);
			runOnlyForDeploymentPostprocessing = 0;
		};
		A22A95A8201156D900821399 /* Frameworks */ = {
			isa = PBXFrameworksBuildPhase;
			buildActionMask = 2147483647;
			files = (
			);
			runOnlyForDeploymentPostprocessing = 0;
		};
/* End PBXFrameworksBuildPhase section */

/* Begin PBXGroup section */
		4659F2CA4216C0FDEA4E9811 /* Frameworks */ = {
			isa = PBXGroup;
			children = (
				B7C014A4018CAFCD890D6680 /* Pods_GithubClient.framework */,
			);
			name = Frameworks;
			sourceTree = "<group>";
		};
		A22A9583201156D900821399 = {
			isa = PBXGroup;
			children = (
				A22A958E201156D900821399 /* GithubClient */,
				A22A95A3201156D900821399 /* GithubClientTests */,
				A22A95AE201156D900821399 /* GithubClientUITests */,
				A22A958D201156D900821399 /* Products */,
				F91380B0BA6B7428BE584699 /* Pods */,
				4659F2CA4216C0FDEA4E9811 /* Frameworks */,
			);
			sourceTree = "<group>";
		};
		A22A958D201156D900821399 /* Products */ = {
			isa = PBXGroup;
			children = (
				A22A958C201156D900821399 /* GithubClient.app */,
				A22A95A0201156D900821399 /* GithubClientTests.xctest */,
				A22A95AB201156D900821399 /* GithubClientUITests.xctest */,
			);
			name = Products;
			sourceTree = "<group>";
		};
		A22A958E201156D900821399 /* GithubClient */ = {
			isa = PBXGroup;
			children = (
				A2FE139A201287C100E5B51F /* Views */,
				A2FE13792012273E00E5B51F /* Layers */,
				A22A95C02011577000821399 /* Utils */,
				A22A95BF2011576500821399 /* Controllers */,
				A22A95BE2011575C00821399 /* ViewModels */,
				A22A95BD2011575100821399 /* Models */,
				A22A958F201156D900821399 /* AppDelegate.swift */,
				A22A9593201156D900821399 /* Main.storyboard */,
				A22A9596201156D900821399 /* Assets.xcassets */,
				A22A9598201156D900821399 /* LaunchScreen.storyboard */,
				A22A959B201156D900821399 /* Info.plist */,
			);
			path = GithubClient;
			sourceTree = "<group>";
		};
		A22A95A3201156D900821399 /* GithubClientTests */ = {
			isa = PBXGroup;
			children = (
				A22A95A4201156D900821399 /* GithubClientTests.swift */,
				A22A95A6201156D900821399 /* Info.plist */,
			);
			path = GithubClientTests;
			sourceTree = "<group>";
		};
		A22A95AE201156D900821399 /* GithubClientUITests */ = {
			isa = PBXGroup;
			children = (
				A22A95AF201156D900821399 /* GithubClientUITests.swift */,
				A22A95B1201156D900821399 /* Info.plist */,
			);
			path = GithubClientUITests;
			sourceTree = "<group>";
		};
		A22A95BD2011575100821399 /* Models */ = {
			isa = PBXGroup;
			children = (
				A2FE13802012395B00E5B51F /* GCUserRepo.swift */,
			);
			path = Models;
			sourceTree = "<group>";
		};
		A22A95BE2011575C00821399 /* ViewModels */ = {
			isa = PBXGroup;
			children = (
				A2FE13982012875000E5B51F /* GCUserRepoViewModel.swift */,
				A2FE13A420129D0A00E5B51F /* GCUserReposTableViewModel.swift */,
			);
			path = ViewModels;
			sourceTree = "<group>";
		};
		A22A95BF2011576500821399 /* Controllers */ = {
			isa = PBXGroup;
			children = (
				A2FE1382201239D500E5B51F /* GCUserViewController.swift */,
				A2FE1384201239E300E5B51F /* GCReposViewController.swift */,
			);
			path = Controllers;
			sourceTree = "<group>";
		};
		A22A95C02011577000821399 /* Utils */ = {
			isa = PBXGroup;
			children = (
				A2FE1393201284AA00E5B51F /* Protocols */,
				A2FE138E2012407A00E5B51F /* Extensions */,
				A22A95C1201157A600821399 /* GCAppearance.swift */,
			);
			path = Utils;
			sourceTree = "<group>";
		};
		A2FE13792012273E00E5B51F /* Layers */ = {
			isa = PBXGroup;
			children = (
				A2FE137B2012275600E5B51F /* Data */,
				A2FE137A2012274900E5B51F /* API */,
			);
			path = Layers;
			sourceTree = "<group>";
		};
		A2FE137A2012274900E5B51F /* API */ = {
			isa = PBXGroup;
			children = (
				A2FE137C2012276B00E5B51F /* APIService.swift */,
				A2FE137E2012295E00E5B51F /* APIEndpoint.swift */,
				A2FE138620123A0700E5B51F /* APIResources.swift */,
				A2FE138C20123FF500E5B51F /* GCError.swift */,
				A2FE138A20123FDF00E5B51F /* ResourceExtensions.swift */,
			);
			path = API;
			sourceTree = "<group>";
		};
		A2FE137B2012275600E5B51F /* Data */ = {
			isa = PBXGroup;
			children = (
				A2FE138820123C6900E5B51F /* GCDataProvider.swift */,
				A206E9F0201397F4000E1E84 /* GCPersistantStore.swift */,
			);
			path = Data;
			sourceTree = "<group>";
		};
		A2FE138E2012407A00E5B51F /* Extensions */ = {
			isa = PBXGroup;
			children = (
				A2FE138F2012408800E5B51F /* AlertView.swift */,
				A2FE139E20128B1B00E5B51F /* DateExtensions.swift */,
				A2FE13A62012A03A00E5B51F /* ResourceUIExtensions.swift */,
				A206E9EE2012C7D4000E1E84 /* UIViewControllerExtensions.swift */,
			);
			path = Extensions;
			sourceTree = "<group>";
		};
		A2FE1393201284AA00E5B51F /* Protocols */ = {
			isa = PBXGroup;
			children = (
				A2FE1394201284C400E5B51F /* Resignable.swift */,
				A2FE13962012870E00E5B51F /* CellRepresentable.swift */,
				A2FE13A020128E2400E5B51F /* GCCell.swift */,
			);
			path = Protocols;
			sourceTree = "<group>";
		};
		A2FE139A201287C100E5B51F /* Views */ = {
			isa = PBXGroup;
			children = (
				A2FE139B201287CA00E5B51F /* Custom Cells */,
				A2FE13A22012932F00E5B51F /* Storyboard.swift */,
			);
			path = Views;
			sourceTree = "<group>";
		};
		A2FE139B201287CA00E5B51F /* Custom Cells */ = {
			isa = PBXGroup;
			children = (
				A2FE139C201287F500E5B51F /* GCRepoTableViewCell.swift */,
			);
			path = "Custom Cells";
			sourceTree = "<group>";
		};
		F91380B0BA6B7428BE584699 /* Pods */ = {
			isa = PBXGroup;
			children = (
				C39621FE7354D9416873909A /* Pods-GithubClient.debug.xcconfig */,
				FE514FD623B62F8A5BF247BC /* Pods-GithubClient.release.xcconfig */,
			);
			name = Pods;
			sourceTree = "<group>";
		};
/* End PBXGroup section */

/* Begin PBXNativeTarget section */
		A22A958B201156D900821399 /* GithubClient */ = {
			isa = PBXNativeTarget;
			buildConfigurationList = A22A95B4201156D900821399 /* Build configuration list for PBXNativeTarget "GithubClient" */;
			buildPhases = (
				CA267110F5960F4B020BE1E9 /* [CP] Check Pods Manifest.lock */,
				A22A9588201156D900821399 /* Sources */,
				A22A9589201156D900821399 /* Frameworks */,
				A22A958A201156D900821399 /* Resources */,
				38D8B397E266CF5FEBCA8735 /* [CP] Embed Pods Frameworks */,
				12F7F8715294375780F47588 /* [CP] Copy Pods Resources */,
			);
			buildRules = (
			);
			dependencies = (
			);
			name = GithubClient;
			productName = GithubClient;
			productReference = A22A958C201156D900821399 /* GithubClient.app */;
			productType = "com.apple.product-type.application";
		};
		A22A959F201156D900821399 /* GithubClientTests */ = {
			isa = PBXNativeTarget;
			buildConfigurationList = A22A95B7201156D900821399 /* Build configuration list for PBXNativeTarget "GithubClientTests" */;
			buildPhases = (
				A22A959C201156D900821399 /* Sources */,
				A22A959D201156D900821399 /* Frameworks */,
				A22A959E201156D900821399 /* Resources */,
			);
			buildRules = (
			);
			dependencies = (
				A22A95A2201156D900821399 /* PBXTargetDependency */,
			);
			name = GithubClientTests;
			productName = GithubClientTests;
			productReference = A22A95A0201156D900821399 /* GithubClientTests.xctest */;
			productType = "com.apple.product-type.bundle.unit-test";
		};
		A22A95AA201156D900821399 /* GithubClientUITests */ = {
			isa = PBXNativeTarget;
			buildConfigurationList = A22A95BA201156D900821399 /* Build configuration list for PBXNativeTarget "GithubClientUITests" */;
			buildPhases = (
				A22A95A7201156D900821399 /* Sources */,
				A22A95A8201156D900821399 /* Frameworks */,
				A22A95A9201156D900821399 /* Resources */,
			);
			buildRules = (
			);
			dependencies = (
				A22A95AD201156D900821399 /* PBXTargetDependency */,
			);
			name = GithubClientUITests;
			productName = GithubClientUITests;
			productReference = A22A95AB201156D900821399 /* GithubClientUITests.xctest */;
			productType = "com.apple.product-type.bundle.ui-testing";
		};
/* End PBXNativeTarget section */

/* Begin PBXProject section */
		A22A9584201156D900821399 /* Project object */ = {
			isa = PBXProject;
			attributes = {
				CLASSPREFIX = GC;
				LastSwiftUpdateCheck = 0920;
				LastUpgradeCheck = 0920;
				ORGANIZATIONNAME = Meseery;
				TargetAttributes = {
					A22A958B201156D900821399 = {
						CreatedOnToolsVersion = 9.2;
						ProvisioningStyle = Automatic;
					};
					A22A959F201156D900821399 = {
						CreatedOnToolsVersion = 9.2;
						ProvisioningStyle = Automatic;
						TestTargetID = A22A958B201156D900821399;
					};
					A22A95AA201156D900821399 = {
						CreatedOnToolsVersion = 9.2;
						ProvisioningStyle = Automatic;
						TestTargetID = A22A958B201156D900821399;
					};
				};
			};
			buildConfigurationList = A22A9587201156D900821399 /* Build configuration list for PBXProject "GithubClient" */;
			compatibilityVersion = "Xcode 8.0";
			developmentRegion = en;
			hasScannedForEncodings = 0;
			knownRegions = (
				en,
				Base,
			);
			mainGroup = A22A9583201156D900821399;
			productRefGroup = A22A958D201156D900821399 /* Products */;
			projectDirPath = "";
			projectRoot = "";
			targets = (
				A22A958B201156D900821399 /* GithubClient */,
				A22A959F201156D900821399 /* GithubClientTests */,
				A22A95AA201156D900821399 /* GithubClientUITests */,
			);
		};
/* End PBXProject section */

/* Begin PBXResourcesBuildPhase section */
		A22A958A201156D900821399 /* Resources */ = {
			isa = PBXResourcesBuildPhase;
			buildActionMask = 2147483647;
			files = (
				A22A959A201156D900821399 /* LaunchScreen.storyboard in Resources */,
				A22A9597201156D900821399 /* Assets.xcassets in Resources */,
				A22A9595201156D900821399 /* Main.storyboard in Resources */,
			);
			runOnlyForDeploymentPostprocessing = 0;
		};
		A22A959E201156D900821399 /* Resources */ = {
			isa = PBXResourcesBuildPhase;
			buildActionMask = 2147483647;
			files = (
			);
			runOnlyForDeploymentPostprocessing = 0;
		};
		A22A95A9201156D900821399 /* Resources */ = {
			isa = PBXResourcesBuildPhase;
			buildActionMask = 2147483647;
			files = (
			);
			runOnlyForDeploymentPostprocessing = 0;
		};
/* End PBXResourcesBuildPhase section */

/* Begin PBXShellScriptBuildPhase section */
		12F7F8715294375780F47588 /* [CP] Copy Pods Resources */ = {
			isa = PBXShellScriptBuildPhase;
			buildActionMask = 2147483647;
			files = (
			);
			inputPaths = (
			);
			name = "[CP] Copy Pods Resources";
			outputPaths = (
			);
			runOnlyForDeploymentPostprocessing = 0;
			shellPath = /bin/sh;
			shellScript = "\"${SRCROOT}/Pods/Target Support Files/Pods-GithubClient/Pods-GithubClient-resources.sh\"\n";
			showEnvVarsInLog = 0;
		};
		38D8B397E266CF5FEBCA8735 /* [CP] Embed Pods Frameworks */ = {
			isa = PBXShellScriptBuildPhase;
			buildActionMask = 2147483647;
			files = (
			);
			inputPaths = (
				"${SRCROOT}/Pods/Target Support Files/Pods-GithubClient/Pods-GithubClient-frameworks.sh",
				"${BUILT_PRODUCTS_DIR}/PagedArray/PagedArray.framework",
				"${BUILT_PRODUCTS_DIR}/Siesta/Siesta.framework",
				"${BUILT_PRODUCTS_DIR}/SwiftyJSON/SwiftyJSON.framework",
			);
			name = "[CP] Embed Pods Frameworks";
			outputPaths = (
				"${TARGET_BUILD_DIR}/${FRAMEWORKS_FOLDER_PATH}/PagedArray.framework",
				"${TARGET_BUILD_DIR}/${FRAMEWORKS_FOLDER_PATH}/Siesta.framework",
				"${TARGET_BUILD_DIR}/${FRAMEWORKS_FOLDER_PATH}/SwiftyJSON.framework",
			);
			runOnlyForDeploymentPostprocessing = 0;
			shellPath = /bin/sh;
			shellScript = "\"${SRCROOT}/Pods/Target Support Files/Pods-GithubClient/Pods-GithubClient-frameworks.sh\"\n";
			showEnvVarsInLog = 0;
		};
		CA267110F5960F4B020BE1E9 /* [CP] Check Pods Manifest.lock */ = {
			isa = PBXShellScriptBuildPhase;
			buildActionMask = 2147483647;
			files = (
			);
			inputPaths = (
				"${PODS_PODFILE_DIR_PATH}/Podfile.lock",
				"${PODS_ROOT}/Manifest.lock",
			);
			name = "[CP] Check Pods Manifest.lock";
			outputPaths = (
				"$(DERIVED_FILE_DIR)/Pods-GithubClient-checkManifestLockResult.txt",
			);
			runOnlyForDeploymentPostprocessing = 0;
			shellPath = /bin/sh;
			shellScript = "diff \"${PODS_PODFILE_DIR_PATH}/Podfile.lock\" \"${PODS_ROOT}/Manifest.lock\" > /dev/null\nif [ $? != 0 ] ; then\n    # print error to STDERR\n    echo \"error: The sandbox is not in sync with the Podfile.lock. Run 'pod install' or update your CocoaPods installation.\" >&2\n    exit 1\nfi\n# This output is used by Xcode 'outputs' to avoid re-running this script phase.\necho \"SUCCESS\" > \"${SCRIPT_OUTPUT_FILE_0}\"\n";
			showEnvVarsInLog = 0;
		};
/* End PBXShellScriptBuildPhase section */

/* Begin PBXSourcesBuildPhase section */
		A22A9588201156D900821399 /* Sources */ = {
			isa = PBXSourcesBuildPhase;
			buildActionMask = 2147483647;
			files = (
				A2FE13812012395B00E5B51F /* GCUserRepo.swift in Sources */,
				A2FE138B20123FDF00E5B51F /* ResourceExtensions.swift in Sources */,
				A2FE1383201239D500E5B51F /* GCUserViewController.swift in Sources */,
				A2FE13A120128E2400E5B51F /* GCCell.swift in Sources */,
				A2FE1395201284C400E5B51F /* Resignable.swift in Sources */,
				A2FE13972012870E00E5B51F /* CellRepresentable.swift in Sources */,
				A2FE139F20128B1B00E5B51F /* DateExtensions.swift in Sources */,
				A2FE138720123A0700E5B51F /* APIResources.swift in Sources */,
				A2FE137F2012295E00E5B51F /* APIEndpoint.swift in Sources */,
				A2FE13902012408800E5B51F /* AlertView.swift in Sources */,
				A2FE13A32012932F00E5B51F /* Storyboard.swift in Sources */,
				A22A9590201156D900821399 /* AppDelegate.swift in Sources */,
				A206E9EF2012C7D5000E1E84 /* UIViewControllerExtensions.swift in Sources */,
				A2FE13A520129D0A00E5B51F /* GCUserReposTableViewModel.swift in Sources */,
				A2FE1385201239E300E5B51F /* GCReposViewController.swift in Sources */,
				A2FE137D2012276B00E5B51F /* APIService.swift in Sources */,
				A206E9F1201397F4000E1E84 /* GCPersistantStore.swift in Sources */,
				A2FE138920123C6900E5B51F /* GCDataProvider.swift in Sources */,
				A2FE139D201287F500E5B51F /* GCRepoTableViewCell.swift in Sources */,
				A2FE13A72012A03A00E5B51F /* ResourceUIExtensions.swift in Sources */,
				A22A95C2201157A600821399 /* GCAppearance.swift in Sources */,
				A2FE138D20123FF500E5B51F /* GCError.swift in Sources */,
				A2FE13992012875000E5B51F /* GCUserRepoViewModel.swift in Sources */,
			);
			runOnlyForDeploymentPostprocessing = 0;
		};
		A22A959C201156D900821399 /* Sources */ = {
			isa = PBXSourcesBuildPhase;
			buildActionMask = 2147483647;
			files = (
				A22A95A5201156D900821399 /* GithubClientTests.swift in Sources */,
			);
			runOnlyForDeploymentPostprocessing = 0;
		};
		A22A95A7201156D900821399 /* Sources */ = {
			isa = PBXSourcesBuildPhase;
			buildActionMask = 2147483647;
			files = (
				A22A95B0201156D900821399 /* GithubClientUITests.swift in Sources */,
			);
			runOnlyForDeploymentPostprocessing = 0;
		};
/* End PBXSourcesBuildPhase section */

/* Begin PBXTargetDependency section */
		A22A95A2201156D900821399 /* PBXTargetDependency */ = {
			isa = PBXTargetDependency;
			target = A22A958B201156D900821399 /* GithubClient */;
			targetProxy = A22A95A1201156D900821399 /* PBXContainerItemProxy */;
		};
		A22A95AD201156D900821399 /* PBXTargetDependency */ = {
			isa = PBXTargetDependency;
			target = A22A958B201156D900821399 /* GithubClient */;
			targetProxy = A22A95AC201156D900821399 /* PBXContainerItemProxy */;
		};
/* End PBXTargetDependency section */

/* Begin PBXVariantGroup section */
		A22A9593201156D900821399 /* Main.storyboard */ = {
			isa = PBXVariantGroup;
			children = (
				A22A9594201156D900821399 /* Base */,
			);
			name = Main.storyboard;
			sourceTree = "<group>";
		};
		A22A9598201156D900821399 /* LaunchScreen.storyboard */ = {
			isa = PBXVariantGroup;
			children = (
				A22A9599201156D900821399 /* Base */,
			);
			name = LaunchScreen.storyboard;
			sourceTree = "<group>";
		};
/* End PBXVariantGroup section */

/* Begin XCBuildConfiguration section */
		A22A95B2201156D900821399 /* Debug */ = {
			isa = XCBuildConfiguration;
			buildSettings = {
				ALWAYS_SEARCH_USER_PATHS = NO;
				CLANG_ANALYZER_NONNULL = YES;
				CLANG_ANALYZER_NUMBER_OBJECT_CONVERSION = YES_AGGRESSIVE;
				CLANG_CXX_LANGUAGE_STANDARD = "gnu++14";
				CLANG_CXX_LIBRARY = "libc++";
				CLANG_ENABLE_MODULES = YES;
				CLANG_ENABLE_OBJC_ARC = YES;
				CLANG_WARN_BLOCK_CAPTURE_AUTORELEASING = YES;
				CLANG_WARN_BOOL_CONVERSION = YES;
				CLANG_WARN_COMMA = YES;
				CLANG_WARN_CONSTANT_CONVERSION = YES;
				CLANG_WARN_DIRECT_OBJC_ISA_USAGE = YES_ERROR;
				CLANG_WARN_DOCUMENTATION_COMMENTS = YES;
				CLANG_WARN_EMPTY_BODY = YES;
				CLANG_WARN_ENUM_CONVERSION = YES;
				CLANG_WARN_INFINITE_RECURSION = YES;
				CLANG_WARN_INT_CONVERSION = YES;
				CLANG_WARN_NON_LITERAL_NULL_CONVERSION = YES;
				CLANG_WARN_OBJC_LITERAL_CONVERSION = YES;
				CLANG_WARN_OBJC_ROOT_CLASS = YES_ERROR;
				CLANG_WARN_RANGE_LOOP_ANALYSIS = YES;
				CLANG_WARN_STRICT_PROTOTYPES = YES;
				CLANG_WARN_SUSPICIOUS_MOVE = YES;
				CLANG_WARN_UNGUARDED_AVAILABILITY = YES_AGGRESSIVE;
				CLANG_WARN_UNREACHABLE_CODE = YES;
				CLANG_WARN__DUPLICATE_METHOD_MATCH = YES;
				CODE_SIGN_IDENTITY = "iPhone Developer";
				COPY_PHASE_STRIP = NO;
				DEBUG_INFORMATION_FORMAT = dwarf;
				ENABLE_STRICT_OBJC_MSGSEND = YES;
				ENABLE_TESTABILITY = YES;
				GCC_C_LANGUAGE_STANDARD = gnu11;
				GCC_DYNAMIC_NO_PIC = NO;
				GCC_NO_COMMON_BLOCKS = YES;
				GCC_OPTIMIZATION_LEVEL = 0;
				GCC_PREPROCESSOR_DEFINITIONS = (
					"DEBUG=1",
					"$(inherited)",
				);
				GCC_WARN_64_TO_32_BIT_CONVERSION = YES;
				GCC_WARN_ABOUT_RETURN_TYPE = YES_ERROR;
				GCC_WARN_UNDECLARED_SELECTOR = YES;
				GCC_WARN_UNINITIALIZED_AUTOS = YES_AGGRESSIVE;
				GCC_WARN_UNUSED_FUNCTION = YES;
				GCC_WARN_UNUSED_VARIABLE = YES;
				IPHONEOS_DEPLOYMENT_TARGET = 11.2;
				MTL_ENABLE_DEBUG_INFO = YES;
				ONLY_ACTIVE_ARCH = YES;
				SDKROOT = iphoneos;
				SWIFT_ACTIVE_COMPILATION_CONDITIONS = DEBUG;
				SWIFT_OPTIMIZATION_LEVEL = "-Onone";
			};
			name = Debug;
		};
		A22A95B3201156D900821399 /* Release */ = {
			isa = XCBuildConfiguration;
			buildSettings = {
				ALWAYS_SEARCH_USER_PATHS = NO;
				CLANG_ANALYZER_NONNULL = YES;
				CLANG_ANALYZER_NUMBER_OBJECT_CONVERSION = YES_AGGRESSIVE;
				CLANG_CXX_LANGUAGE_STANDARD = "gnu++14";
				CLANG_CXX_LIBRARY = "libc++";
				CLANG_ENABLE_MODULES = YES;
				CLANG_ENABLE_OBJC_ARC = YES;
				CLANG_WARN_BLOCK_CAPTURE_AUTORELEASING = YES;
				CLANG_WARN_BOOL_CONVERSION = YES;
				CLANG_WARN_COMMA = YES;
				CLANG_WARN_CONSTANT_CONVERSION = YES;
				CLANG_WARN_DIRECT_OBJC_ISA_USAGE = YES_ERROR;
				CLANG_WARN_DOCUMENTATION_COMMENTS = YES;
				CLANG_WARN_EMPTY_BODY = YES;
				CLANG_WARN_ENUM_CONVERSION = YES;
				CLANG_WARN_INFINITE_RECURSION = YES;
				CLANG_WARN_INT_CONVERSION = YES;
				CLANG_WARN_NON_LITERAL_NULL_CONVERSION = YES;
				CLANG_WARN_OBJC_LITERAL_CONVERSION = YES;
				CLANG_WARN_OBJC_ROOT_CLASS = YES_ERROR;
				CLANG_WARN_RANGE_LOOP_ANALYSIS = YES;
				CLANG_WARN_STRICT_PROTOTYPES = YES;
				CLANG_WARN_SUSPICIOUS_MOVE = YES;
				CLANG_WARN_UNGUARDED_AVAILABILITY = YES_AGGRESSIVE;
				CLANG_WARN_UNREACHABLE_CODE = YES;
				CLANG_WARN__DUPLICATE_METHOD_MATCH = YES;
				CODE_SIGN_IDENTITY = "iPhone Developer";
				COPY_PHASE_STRIP = NO;
				DEBUG_INFORMATION_FORMAT = "dwarf-with-dsym";
				ENABLE_NS_ASSERTIONS = NO;
				ENABLE_STRICT_OBJC_MSGSEND = YES;
				GCC_C_LANGUAGE_STANDARD = gnu11;
				GCC_NO_COMMON_BLOCKS = YES;
				GCC_WARN_64_TO_32_BIT_CONVERSION = YES;
				GCC_WARN_ABOUT_RETURN_TYPE = YES_ERROR;
				GCC_WARN_UNDECLARED_SELECTOR = YES;
				GCC_WARN_UNINITIALIZED_AUTOS = YES_AGGRESSIVE;
				GCC_WARN_UNUSED_FUNCTION = YES;
				GCC_WARN_UNUSED_VARIABLE = YES;
				IPHONEOS_DEPLOYMENT_TARGET = 11.2;
				MTL_ENABLE_DEBUG_INFO = NO;
				SDKROOT = iphoneos;
				SWIFT_OPTIMIZATION_LEVEL = "-Owholemodule";
				VALIDATE_PRODUCT = YES;
			};
			name = Release;
		};
		A22A95B5201156D900821399 /* Debug */ = {
			isa = XCBuildConfiguration;
			baseConfigurationReference = C39621FE7354D9416873909A /* Pods-GithubClient.debug.xcconfig */;
			buildSettings = {
				ASSETCATALOG_COMPILER_APPICON_NAME = AppIcon;
				CODE_SIGN_STYLE = Automatic;
				DEVELOPMENT_TEAM = 36C5PY3HAP;
				INFOPLIST_FILE = GithubClient/Info.plist;
				IPHONEOS_DEPLOYMENT_TARGET = 9.0;
				LD_RUNPATH_SEARCH_PATHS = "$(inherited) @executable_path/Frameworks";
				PRODUCT_BUNDLE_IDENTIFIER = com.meseery.GithubClient;
				PRODUCT_NAME = "$(TARGET_NAME)";
				SWIFT_VERSION = 4.0;
				TARGETED_DEVICE_FAMILY = 1;
			};
			name = Debug;
		};
		A22A95B6201156D900821399 /* Release */ = {
			isa = XCBuildConfiguration;
			baseConfigurationReference = FE514FD623B62F8A5BF247BC /* Pods-GithubClient.release.xcconfig */;
			buildSettings = {
				ASSETCATALOG_COMPILER_APPICON_NAME = AppIcon;
				CODE_SIGN_STYLE = Automatic;
				DEVELOPMENT_TEAM = 36C5PY3HAP;
				INFOPLIST_FILE = GithubClient/Info.plist;
				IPHONEOS_DEPLOYMENT_TARGET = 9.0;
				LD_RUNPATH_SEARCH_PATHS = "$(inherited) @executable_path/Frameworks";
				PRODUCT_BUNDLE_IDENTIFIER = com.meseery.GithubClient;
				PRODUCT_NAME = "$(TARGET_NAME)";
				SWIFT_VERSION = 4.0;
				TARGETED_DEVICE_FAMILY = 1;
			};
			name = Release;
		};
		A22A95B8201156D900821399 /* Debug */ = {
			isa = XCBuildConfiguration;
			buildSettings = {
				ALWAYS_EMBED_SWIFT_STANDARD_LIBRARIES = YES;
				BUNDLE_LOADER = "$(TEST_HOST)";
				CODE_SIGN_STYLE = Automatic;
				DEVELOPMENT_TEAM = 36C5PY3HAP;
				INFOPLIST_FILE = GithubClientTests/Info.plist;
				LD_RUNPATH_SEARCH_PATHS = "$(inherited) @executable_path/Frameworks @loader_path/Frameworks";
				PRODUCT_BUNDLE_IDENTIFIER = com.meseery.GithubClientTests;
				PRODUCT_NAME = "$(TARGET_NAME)";
				SWIFT_VERSION = 4.0;
				TARGETED_DEVICE_FAMILY = "1,2";
				TEST_HOST = "$(BUILT_PRODUCTS_DIR)/GithubClient.app/GithubClient";
			};
			name = Debug;
		};
		A22A95B9201156D900821399 /* Release */ = {
			isa = XCBuildConfiguration;
			buildSettings = {
				ALWAYS_EMBED_SWIFT_STANDARD_LIBRARIES = YES;
				BUNDLE_LOADER = "$(TEST_HOST)";
				CODE_SIGN_STYLE = Automatic;
				DEVELOPMENT_TEAM = 36C5PY3HAP;
				INFOPLIST_FILE = GithubClientTests/Info.plist;
				LD_RUNPATH_SEARCH_PATHS = "$(inherited) @executable_path/Frameworks @loader_path/Frameworks";
				PRODUCT_BUNDLE_IDENTIFIER = com.meseery.GithubClientTests;
				PRODUCT_NAME = "$(TARGET_NAME)";
				SWIFT_VERSION = 4.0;
				TARGETED_DEVICE_FAMILY = "1,2";
				TEST_HOST = "$(BUILT_PRODUCTS_DIR)/GithubClient.app/GithubClient";
			};
			name = Release;
		};
		A22A95BB201156D900821399 /* Debug */ = {
			isa = XCBuildConfiguration;
			buildSettings = {
				ALWAYS_EMBED_SWIFT_STANDARD_LIBRARIES = YES;
				CODE_SIGN_STYLE = Automatic;
				DEVELOPMENT_TEAM = 36C5PY3HAP;
				INFOPLIST_FILE = GithubClientUITests/Info.plist;
				LD_RUNPATH_SEARCH_PATHS = "$(inherited) @executable_path/Frameworks @loader_path/Frameworks";
				PRODUCT_BUNDLE_IDENTIFIER = com.meseery.GithubClientUITests;
				PRODUCT_NAME = "$(TARGET_NAME)";
				SWIFT_VERSION = 4.0;
				TARGETED_DEVICE_FAMILY = "1,2";
				TEST_TARGET_NAME = GithubClient;
			};
			name = Debug;
		};
		A22A95BC201156D900821399 /* Release */ = {
			isa = XCBuildConfiguration;
			buildSettings = {
				ALWAYS_EMBED_SWIFT_STANDARD_LIBRARIES = YES;
				CODE_SIGN_STYLE = Automatic;
				DEVELOPMENT_TEAM = 36C5PY3HAP;
				INFOPLIST_FILE = GithubClientUITests/Info.plist;
				LD_RUNPATH_SEARCH_PATHS = "$(inherited) @executable_path/Frameworks @loader_path/Frameworks";
				PRODUCT_BUNDLE_IDENTIFIER = com.meseery.GithubClientUITests;
				PRODUCT_NAME = "$(TARGET_NAME)";
				SWIFT_VERSION = 4.0;
				TARGETED_DEVICE_FAMILY = "1,2";
				TEST_TARGET_NAME = GithubClient;
			};
			name = Release;
		};
/* End XCBuildConfiguration section */

/* Begin XCConfigurationList section */
		A22A9587201156D900821399 /* Build configuration list for PBXProject "GithubClient" */ = {
			isa = XCConfigurationList;
			buildConfigurations = (
				A22A95B2201156D900821399 /* Debug */,
				A22A95B3201156D900821399 /* Release */,
			);
			defaultConfigurationIsVisible = 0;
			defaultConfigurationName = Release;
		};
		A22A95B4201156D900821399 /* Build configuration list for PBXNativeTarget "GithubClient" */ = {
			isa = XCConfigurationList;
			buildConfigurations = (
				A22A95B5201156D900821399 /* Debug */,
				A22A95B6201156D900821399 /* Release */,
			);
			defaultConfigurationIsVisible = 0;
			defaultConfigurationName = Release;
		};
		A22A95B7201156D900821399 /* Build configuration list for PBXNativeTarget "GithubClientTests" */ = {
			isa = XCConfigurationList;
			buildConfigurations = (
				A22A95B8201156D900821399 /* Debug */,
				A22A95B9201156D900821399 /* Release */,
			);
			defaultConfigurationIsVisible = 0;
			defaultConfigurationName = Release;
		};
		A22A95BA201156D900821399 /* Build configuration list for PBXNativeTarget "GithubClientUITests" */ = {
			isa = XCConfigurationList;
			buildConfigurations = (
				A22A95BB201156D900821399 /* Debug */,
				A22A95BC201156D900821399 /* Release */,
			);
			defaultConfigurationIsVisible = 0;
			defaultConfigurationName = Release;
		};
/* End XCConfigurationList section */
	};
	rootObject = A22A9584201156D900821399 /* Project object */;
}
